
Microsoft Visual Studio Solution File, Format Version 12.00
# Visual Studio 2012
Project("{FAE04EC0-301F-11D3-BF4B-00C04F79EFBC}") = "MpioAnalyser.WinApp", "MpioAnalyser.WinApp\MpioAnalyser.WinApp.csproj", "{AFD11B3C-7DF3-4D60-BEFE-73A60309AAAE}"
EndProject
Global
	GlobalSection(SolutionConfigurationPlatforms) = preSolution
		Debug|Any CPU = Debug|Any CPU
		Release|Any CPU = Release|Any CPU
	EndGlobalSection
	GlobalSection(ProjectConfigurationPlatforms) = postSolution
		{AFD11B3C-7DF3-4D60-BEFE-73A60309AAAE}.Debug|Any CPU.ActiveCfg = Debug|Any CPU
		{AFD11B3C-7DF3-4D60-BEFE-73A60309AAAE}.Debug|Any CPU.Build.0 = Debug|Any CPU
		{AFD11B3C-7DF3-4D60-BEFE-73A60309AAAE}.Release|Any CPU.ActiveCfg = Release|Any CPU
		{AFD11B3C-7DF3-4D60-BEFE-73A60309AAAE}.Release|Any CPU.Build.0 = Release|Any CPU
	EndGlobalSection
	GlobalSection(SolutionProperties) = preSolution
		HideSolutionNode = FALSE
	EndGlobalSection
EndGlobal
